// !$*UTF8*$!
{
	archiveVersion = 1;
	classes = {
	};
	objectVersion = 48;
	objects = {

/* Begin PBXBuildFile section */
		EB10F0CA214DF3700033FF6C /* AppDelegate.swift in Sources */ = {isa = PBXBuildFile; fileRef = EB10F0C9214DF3700033FF6C /* AppDelegate.swift */; };
		EB10F0CC214DF3700033FF6C /* ViewController.swift in Sources */ = {isa = PBXBuildFile; fileRef = EB10F0CB214DF3700033FF6C /* ViewController.swift */; };
		EB10F0CF214DF3700033FF6C /* Main.storyboard in Resources */ = {isa = PBXBuildFile; fileRef = EB10F0CD214DF3700033FF6C /* Main.storyboard */; };
		EB10F0D1214DF3700033FF6C /* Assets.xcassets in Resources */ = {isa = PBXBuildFile; fileRef = EB10F0D0214DF3700033FF6C /* Assets.xcassets */; };
		EB10F0D4214DF3700033FF6C /* LaunchScreen.storyboard in Resources */ = {isa = PBXBuildFile; fileRef = EB10F0D2214DF3700033FF6C /* LaunchScreen.storyboard */; };
		EB10F0DF214DF3700033FF6C /* Assignment2Tests.swift in Sources */ = {isa = PBXBuildFile; fileRef = EB10F0DE214DF3700033FF6C /* Assignment2Tests.swift */; };
		EB10F0EA214DF3710033FF6C /* Assignment2UITests.swift in Sources */ = {isa = PBXBuildFile; fileRef = EB10F0E9214DF3710033FF6C /* Assignment2UITests.swift */; };
/* End PBXBuildFile section */

/* Begin PBXContainerItemProxy section */
		EB10F0DB214DF3700033FF6C /* PBXContainerItemProxy */ = {
			isa = PBXContainerItemProxy;
			containerPortal = EB10F0BE214DF3700033FF6C /* Project object */;
			proxyType = 1;
			remoteGlobalIDString = EB10F0C5214DF3700033FF6C;
			remoteInfo = Assignment2;
		};
		EB10F0E6214DF3710033FF6C /* PBXContainerItemProxy */ = {
			isa = PBXContainerItemProxy;
			containerPortal = EB10F0BE214DF3700033FF6C /* Project object */;
			proxyType = 1;
			remoteGlobalIDString = EB10F0C5214DF3700033FF6C;
			remoteInfo = Assignment2;
		};
/* End PBXContainerItemProxy section */

/* Begin PBXFileReference section */
		EB10F0C6214DF3700033FF6C /* Assignment2.app */ = {isa = PBXFileReference; explicitFileType = wrapper.application; includeInIndex = 0; path = Assignment2.app; sourceTree = BUILT_PRODUCTS_DIR; };
		EB10F0C9214DF3700033FF6C /* AppDelegate.swift */ = {isa = PBXFileReference; lastKnownFileType = sourcecode.swift; path = AppDelegate.swift; sourceTree = "<group>"; };
		EB10F0CB214DF3700033FF6C /* ViewController.swift */ = {isa = PBXFileReference; lastKnownFileType = sourcecode.swift; path = ViewController.swift; sourceTree = "<group>"; };
		EB10F0CE214DF3700033FF6C /* Base */ = {isa = PBXFileReference; lastKnownFileType = file.storyboard; name = Base; path = Base.lproj/Main.storyboard; sourceTree = "<group>"; };
		EB10F0D0214DF3700033FF6C /* Assets.xcassets */ = {isa = PBXFileReference; lastKnownFileType = folder.assetcatalog; path = Assets.xcassets; sourceTree = "<group>"; };
		EB10F0D3214DF3700033FF6C /* Base */ = {isa = PBXFileReference; lastKnownFileType = file.storyboard; name = Base; path = Base.lproj/LaunchScreen.storyboard; sourceTree = "<group>"; };
		EB10F0D5214DF3700033FF6C /* Info.plist */ = {isa = PBXFileReference; lastKnownFileType = text.plist.xml; path = Info.plist; sourceTree = "<group>"; };
		EB10F0DA214DF3700033FF6C /* Assignment2Tests.xctest */ = {isa = PBXFileReference; explicitFileType = wrapper.cfbundle; includeInIndex = 0; path = Assignment2Tests.xctest; sourceTree = BUILT_PRODUCTS_DIR; };
		EB10F0DE214DF3700033FF6C /* Assignment2Tests.swift */ = {isa = PBXFileReference; lastKnownFileType = sourcecode.swift; path = Assignment2Tests.swift; sourceTree = "<group>"; };
		EB10F0E0214DF3700033FF6C /* Info.plist */ = {isa = PBXFileReference; lastKnownFileType = text.plist.xml; path = Info.plist; sourceTree = "<group>"; };
		EB10F0E5214DF3710033FF6C /* Assignment2UITests.xctest */ = {isa = PBXFileReference; explicitFileType = wrapper.cfbundle; includeInIndex = 0; path = Assignment2UITests.xctest; sourceTree = BUILT_PRODUCTS_DIR; };
		EB10F0E9214DF3710033FF6C /* Assignment2UITests.swift */ = {isa = PBXFileReference; lastKnownFileType = sourcecode.swift; path = Assignment2UITests.swift; sourceTree = "<group>"; };
		EB10F0EB214DF3710033FF6C /* Info.plist */ = {isa = PBXFileReference; lastKnownFileType = text.plist.xml; path = Info.plist; sourceTree = "<group>"; };
/* End PBXFileReference section */

/* Begin PBXFrameworksBuildPhase section */
		EB10F0C3214DF3700033FF6C /* Frameworks */ = {
			isa = PBXFrameworksBuildPhase;
			buildActionMask = 2147483647;
			files = (
			);
			runOnlyForDeploymentPostprocessing = 0;
		};
		EB10F0D7214DF3700033FF6C /* Frameworks */ = {
			isa = PBXFrameworksBuildPhase;
			buildActionMask = 2147483647;
			files = (
			);
			runOnlyForDeploymentPostprocessing = 0;
		};
		EB10F0E2214DF3700033FF6C /* Frameworks */ = {
			isa = PBXFrameworksBuildPhase;
			buildActionMask = 2147483647;
			files = (
			);
			runOnlyForDeploymentPostprocessing = 0;
		};
/* End PBXFrameworksBuildPhase section */

/* Begin PBXGroup section */
		EB10F0BD214DF3700033FF6C = {
			isa = PBXGroup;
			children = (
				EB10F0C8214DF3700033FF6C /* Assignment2 */,
				EB10F0DD214DF3700033FF6C /* Assignment2Tests */,
				EB10F0E8214DF3710033FF6C /* Assignment2UITests */,
				EB10F0C7214DF3700033FF6C /* Products */,
			);
			sourceTree = "<group>";
		};
		EB10F0C7214DF3700033FF6C /* Products */ = {
			isa = PBXGroup;
			children = (
				EB10F0C6214DF3700033FF6C /* Assignment2.app */,
				EB10F0DA214DF3700033FF6C /* Assignment2Tests.xctest */,
				EB10F0E5214DF3710033FF6C /* Assignment2UITests.xctest */,
			);
			name = Products;
			sourceTree = "<group>";
		};
		EB10F0C8214DF3700033FF6C /* Assignment2 */ = {
			isa = PBXGroup;
			children = (
				EB10F0C9214DF3700033FF6C /* AppDelegate.swift */,
				EB10F0CB214DF3700033FF6C /* ViewController.swift */,
				EB10F0CD214DF3700033FF6C /* Main.storyboard */,
				EB10F0D0214DF3700033FF6C /* Assets.xcassets */,
				EB10F0D2214DF3700033FF6C /* LaunchScreen.storyboard */,
				EB10F0D5214DF3700033FF6C /* Info.plist */,
			);
			path = Assignment2;
			sourceTree = "<group>";
		};
		EB10F0DD214DF3700033FF6C /* Assignment2Tests */ = {
			isa = PBXGroup;
			children = (
				EB10F0DE214DF3700033FF6C /* Assignment2Tests.swift */,
				EB10F0E0214DF3700033FF6C /* Info.plist */,
			);
			path = Assignment2Tests;
			sourceTree = "<group>";
		};
		EB10F0E8214DF3710033FF6C /* Assignment2UITests */ = {
			isa = PBXGroup;
			children = (
				EB10F0E9214DF3710033FF6C /* Assignment2UITests.swift */,
				EB10F0EB214DF3710033FF6C /* Info.plist */,
			);
			path = Assignment2UITests;
			sourceTree = "<group>";
		};
/* End PBXGroup section */

/* Begin PBXNativeTarget section */
		EB10F0C5214DF3700033FF6C /* Assignment2 */ = {
			isa = PBXNativeTarget;
			buildConfigurationList = EB10F0EE214DF3710033FF6C /* Build configuration list for PBXNativeTarget "Assignment2" */;
			buildPhases = (
				EB10F0C2214DF3700033FF6C /* Sources */,
				EB10F0C3214DF3700033FF6C /* Frameworks */,
				EB10F0C4214DF3700033FF6C /* Resources */,
			);
			buildRules = (
			);
			dependencies = (
			);
			name = Assignment2;
			productName = Assignment2;
			productReference = EB10F0C6214DF3700033FF6C /* Assignment2.app */;
			productType = "com.apple.product-type.application";
		};
		EB10F0D9214DF3700033FF6C /* Assignment2Tests */ = {
			isa = PBXNativeTarget;
			buildConfigurationList = EB10F0F1214DF3710033FF6C /* Build configuration list for PBXNativeTarget "Assignment2Tests" */;
			buildPhases = (
				EB10F0D6214DF3700033FF6C /* Sources */,
				EB10F0D7214DF3700033FF6C /* Frameworks */,
				EB10F0D8214DF3700033FF6C /* Resources */,
			);
			buildRules = (
			);
			dependencies = (
				EB10F0DC214DF3700033FF6C /* PBXTargetDependency */,
			);
			name = Assignment2Tests;
			productName = Assignment2Tests;
			productReference = EB10F0DA214DF3700033FF6C /* Assignment2Tests.xctest */;
			productType = "com.apple.product-type.bundle.unit-test";
		};
		EB10F0E4214DF3700033FF6C /* Assignment2UITests */ = {
			isa = PBXNativeTarget;
			buildConfigurationList = EB10F0F4214DF3710033FF6C /* Build configuration list for PBXNativeTarget "Assignment2UITests" */;
			buildPhases = (
				EB10F0E1214DF3700033FF6C /* Sources */,
				EB10F0E2214DF3700033FF6C /* Frameworks */,
				EB10F0E3214DF3700033FF6C /* Resources */,
			);
			buildRules = (
			);
			dependencies = (
				EB10F0E7214DF3710033FF6C /* PBXTargetDependency */,
			);
			name = Assignment2UITests;
			productName = Assignment2UITests;
			productReference = EB10F0E5214DF3710033FF6C /* Assignment2UITests.xctest */;
			productType = "com.apple.product-type.bundle.ui-testing";
		};
/* End PBXNativeTarget section */

/* Begin PBXProject section */
		EB10F0BE214DF3700033FF6C /* Project object */ = {
			isa = PBXProject;
			attributes = {
				LastSwiftUpdateCheck = 0910;
				LastUpgradeCheck = 0910;
				ORGANIZATIONNAME = "Sydney Blackburn";
				TargetAttributes = {
					EB10F0C5214DF3700033FF6C = {
						CreatedOnToolsVersion = 9.1;
						ProvisioningStyle = Automatic;
					};
					EB10F0D9214DF3700033FF6C = {
						CreatedOnToolsVersion = 9.1;
						ProvisioningStyle = Automatic;
						TestTargetID = EB10F0C5214DF3700033FF6C;
					};
					EB10F0E4214DF3700033FF6C = {
						CreatedOnToolsVersion = 9.1;
						ProvisioningStyle = Automatic;
						TestTargetID = EB10F0C5214DF3700033FF6C;
					};
				};
			};
			buildConfigurationList = EB10F0C1214DF3700033FF6C /* Build configuration list for PBXProject "Assignment2" */;
			compatibilityVersion = "Xcode 8.0";
			developmentRegion = en;
			hasScannedForEncodings = 0;
			knownRegions = (
				en,
				Base,
			);
			mainGroup = EB10F0BD214DF3700033FF6C;
			productRefGroup = EB10F0C7214DF3700033FF6C /* Products */;
			projectDirPath = "";
			projectRoot = "";
			targets = (
				EB10F0C5214DF3700033FF6C /* Assignment2 */,
				EB10F0D9214DF3700033FF6C /* Assignment2Tests */,
				EB10F0E4214DF3700033FF6C /* Assignment2UITests */,
			);
		};
/* End PBXProject section */

/* Begin PBXResourcesBuildPhase section */
		EB10F0C4214DF3700033FF6C /* Resources */ = {
			isa = PBXResourcesBuildPhase;
			buildActionMask = 2147483647;
			files = (
				EB10F0D4214DF3700033FF6C /* LaunchScreen.storyboard in Resources */,
				EB10F0D1214DF3700033FF6C /* Assets.xcassets in Resources */,
				EB10F0CF214DF3700033FF6C /* Main.storyboard in Resources */,
			);
			runOnlyForDeploymentPostprocessing = 0;
		};
		EB10F0D8214DF3700033FF6C /* Resources */ = {
			isa = PBXResourcesBuildPhase;
			buildActionMask = 2147483647;
			files = (
			);
			runOnlyForDeploymentPostprocessing = 0;
		};
		EB10F0E3214DF3700033FF6C /* Resources */ = {
			isa = PBXResourcesBuildPhase;
			buildActionMask = 2147483647;
			files = (
			);
			runOnlyForDeploymentPostprocessing = 0;
		};
/* End PBXResourcesBuildPhase section */

/* Begin PBXSourcesBuildPhase section */
		EB10F0C2214DF3700033FF6C /* Sources */ = {
			isa = PBXSourcesBuildPhase;
			buildActionMask = 2147483647;
			files = (
				EB10F0CC214DF3700033FF6C /* ViewController.swift in Sources */,
				EB10F0CA214DF3700033FF6C /* AppDelegate.swift in Sources */,
			);
			runOnlyForDeploymentPostprocessing = 0;
		};
		EB10F0D6214DF3700033FF6C /* Sources */ = {
			isa = PBXSourcesBuildPhase;
			buildActionMask = 2147483647;
			files = (
				EB10F0DF214DF3700033FF6C /* Assignment2Tests.swift in Sources */,
			);
			runOnlyForDeploymentPostprocessing = 0;
		};
		EB10F0E1214DF3700033FF6C /* Sources */ = {
			isa = PBXSourcesBuildPhase;
			buildActionMask = 2147483647;
			files = (
				EB10F0EA214DF3710033FF6C /* Assignment2UITests.swift in Sources */,
			);
			runOnlyForDeploymentPostprocessing = 0;
		};
/* End PBXSourcesBuildPhase section */

/* Begin PBXTargetDependency section */
		EB10F0DC214DF3700033FF6C /* PBXTargetDependency */ = {
			isa = PBXTargetDependency;
			target = EB10F0C5214DF3700033FF6C /* Assignment2 */;
			targetProxy = EB10F0DB214DF3700033FF6C /* PBXContainerItemProxy */;
		};
		EB10F0E7214DF3710033FF6C /* PBXTargetDependency */ = {
			isa = PBXTargetDependency;
			target = EB10F0C5214DF3700033FF6C /* Assignment2 */;
			targetProxy = EB10F0E6214DF3710033FF6C /* PBXContainerItemProxy */;
		};
/* End PBXTargetDependency section */

/* Begin PBXVariantGroup section */
		EB10F0CD214DF3700033FF6C /* Main.storyboard */ = {
			isa = PBXVariantGroup;
			children = (
				EB10F0CE214DF3700033FF6C /* Base */,
			);
			name = Main.storyboard;
			sourceTree = "<group>";
		};
		EB10F0D2214DF3700033FF6C /* LaunchScreen.storyboard */ = {
			isa = PBXVariantGroup;
			children = (
				EB10F0D3214DF3700033FF6C /* Base */,
			);
			name = LaunchScreen.storyboard;
			sourceTree = "<group>";
		};
/* End PBXVariantGroup section */

/* Begin XCBuildConfiguration section */
		EB10F0EC214DF3710033FF6C /* Debug */ = {
			isa = XCBuildConfiguration;
			buildSettings = {
				ALWAYS_SEARCH_USER_PATHS = NO;
				CLANG_ANALYZER_NONNULL = YES;
				CLANG_ANALYZER_NUMBER_OBJECT_CONVERSION = YES_AGGRESSIVE;
				CLANG_CXX_LANGUAGE_STANDARD = "gnu++14";
				CLANG_CXX_LIBRARY = "libc++";
				CLANG_ENABLE_MODULES = YES;
				CLANG_ENABLE_OBJC_ARC = YES;
				CLANG_WARN_BLOCK_CAPTURE_AUTORELEASING = YES;
				CLANG_WARN_BOOL_CONVERSION = YES;
				CLANG_WARN_COMMA = YES;
				CLANG_WARN_CONSTANT_CONVERSION = YES;
				CLANG_WARN_DIRECT_OBJC_ISA_USAGE = YES_ERROR;
				CLANG_WARN_DOCUMENTATION_COMMENTS = YES;
				CLANG_WARN_EMPTY_BODY = YES;
				CLANG_WARN_ENUM_CONVERSION = YES;
				CLANG_WARN_INFINITE_RECURSION = YES;
				CLANG_WARN_INT_CONVERSION = YES;
				CLANG_WARN_NON_LITERAL_NULL_CONVERSION = YES;
				CLANG_WARN_OBJC_LITERAL_CONVERSION = YES;
				CLANG_WARN_OBJC_ROOT_CLASS = YES_ERROR;
				CLANG_WARN_RANGE_LOOP_ANALYSIS = YES;
				CLANG_WARN_STRICT_PROTOTYPES = YES;
				CLANG_WARN_SUSPICIOUS_MOVE = YES;
				CLANG_WARN_UNGUARDED_AVAILABILITY = YES_AGGRESSIVE;
				CLANG_WARN_UNREACHABLE_CODE = YES;
				CLANG_WARN__DUPLICATE_METHOD_MATCH = YES;
				CODE_SIGN_IDENTITY = "iPhone Developer";
				COPY_PHASE_STRIP = NO;
				DEBUG_INFORMATION_FORMAT = dwarf;
				ENABLE_STRICT_OBJC_MSGSEND = YES;
				ENABLE_TESTABILITY = YES;
				GCC_C_LANGUAGE_STANDARD = gnu11;
				GCC_DYNAMIC_NO_PIC = NO;
				GCC_NO_COMMON_BLOCKS = YES;
				GCC_OPTIMIZATION_LEVEL = 0;
				GCC_PREPROCESSOR_DEFINITIONS = (
					"DEBUG=1",
					"$(inherited)",
				);
				GCC_WARN_64_TO_32_BIT_CONVERSION = YES;
				GCC_WARN_ABOUT_RETURN_TYPE = YES_ERROR;
				GCC_WARN_UNDECLARED_SELECTOR = YES;
				GCC_WARN_UNINITIALIZED_AUTOS = YES_AGGRESSIVE;
				GCC_WARN_UNUSED_FUNCTION = YES;
				GCC_WARN_UNUSED_VARIABLE = YES;
				IPHONEOS_DEPLOYMENT_TARGET = 11.1;
				MTL_ENABLE_DEBUG_INFO = YES;
				ONLY_ACTIVE_ARCH = YES;
				SDKROOT = iphoneos;
				SWIFT_ACTIVE_COMPILATION_CONDITIONS = DEBUG;
				SWIFT_OPTIMIZATION_LEVEL = "-Onone";
			};
			name = Debug;
		};
		EB10F0ED214DF3710033FF6C /* Release */ = {
			isa = XCBuildConfiguration;
			buildSettings = {
				ALWAYS_SEARCH_USER_PATHS = NO;
				CLANG_ANALYZER_NONNULL = YES;
				CLANG_ANALYZER_NUMBER_OBJECT_CONVERSION = YES_AGGRESSIVE;
				CLANG_CXX_LANGUAGE_STANDARD = "gnu++14";
				CLANG_CXX_LIBRARY = "libc++";
				CLANG_ENABLE_MODULES = YES;
				CLANG_ENABLE_OBJC_ARC = YES;
				CLANG_WARN_BLOCK_CAPTURE_AUTORELEASING = YES;
				CLANG_WARN_BOOL_CONVERSION = YES;
				CLANG_WARN_COMMA = YES;
				CLANG_WARN_CONSTANT_CONVERSION = YES;
				CLANG_WARN_DIRECT_OBJC_ISA_USAGE = YES_ERROR;
				CLANG_WARN_DOCUMENTATION_COMMENTS = YES;
				CLANG_WARN_EMPTY_BODY = YES;
				CLANG_WARN_ENUM_CONVERSION = YES;
				CLANG_WARN_INFINITE_RECURSION = YES;
				CLANG_WARN_INT_CONVERSION = YES;
				CLANG_WARN_NON_LITERAL_NULL_CONVERSION = YES;
				CLANG_WARN_OBJC_LITERAL_CONVERSION = YES;
				CLANG_WARN_OBJC_ROOT_CLASS = YES_ERROR;
				CLANG_WARN_RANGE_LOOP_ANALYSIS = YES;
				CLANG_WARN_STRICT_PROTOTYPES = YES;
				CLANG_WARN_SUSPICIOUS_MOVE = YES;
				CLANG_WARN_UNGUARDED_AVAILABILITY = YES_AGGRESSIVE;
				CLANG_WARN_UNREACHABLE_CODE = YES;
				CLANG_WARN__DUPLICATE_METHOD_MATCH = YES;
				CODE_SIGN_IDENTITY = "iPhone Developer";
				COPY_PHASE_STRIP = NO;
				DEBUG_INFORMATION_FORMAT = "dwarf-with-dsym";
				ENABLE_NS_ASSERTIONS = NO;
				ENABLE_STRICT_OBJC_MSGSEND = YES;
				GCC_C_LANGUAGE_STANDARD = gnu11;
				GCC_NO_COMMON_BLOCKS = YES;
				GCC_WARN_64_TO_32_BIT_CONVERSION = YES;
				GCC_WARN_ABOUT_RETURN_TYPE = YES_ERROR;
				GCC_WARN_UNDECLARED_SELECTOR = YES;
				GCC_WARN_UNINITIALIZED_AUTOS = YES_AGGRESSIVE;
				GCC_WARN_UNUSED_FUNCTION = YES;
				GCC_WARN_UNUSED_VARIABLE = YES;
				IPHONEOS_DEPLOYMENT_TARGET = 11.1;
				MTL_ENABLE_DEBUG_INFO = NO;
				SDKROOT = iphoneos;
				SWIFT_OPTIMIZATION_LEVEL = "-Owholemodule";
				VALIDATE_PRODUCT = YES;
			};
			name = Release;
		};
		EB10F0EF214DF3710033FF6C /* Debug */ = {
			isa = XCBuildConfiguration;
			buildSettings = {
				ASSETCATALOG_COMPILER_APPICON_NAME = AppIcon;
				CODE_SIGN_STYLE = Automatic;
				INFOPLIST_FILE = Assignment2/Info.plist;
				LD_RUNPATH_SEARCH_PATHS = "$(inherited) @executable_path/Frameworks";
				PRODUCT_BUNDLE_IDENTIFIER = edu.sdsu.Assignment2;
				PRODUCT_NAME = "$(TARGET_NAME)";
				SWIFT_VERSION = 4.0;
				TARGETED_DEVICE_FAMILY = "1,2";
			};
			name = Debug;
		};
		EB10F0F0214DF3710033FF6C /* Release */ = {
			isa = XCBuildConfiguration;
			buildSettings = {
				ASSETCATALOG_COMPILER_APPICON_NAME = AppIcon;
				CODE_SIGN_STYLE = Automatic;
				INFOPLIST_FILE = Assignment2/Info.plist;
				LD_RUNPATH_SEARCH_PATHS = "$(inherited) @executable_path/Frameworks";
				PRODUCT_BUNDLE_IDENTIFIER = edu.sdsu.Assignment2;
				PRODUCT_NAME = "$(TARGET_NAME)";
				SWIFT_VERSION = 4.0;
				TARGETED_DEVICE_FAMILY = "1,2";
			};
			name = Release;
		};
		EB10F0F2214DF3710033FF6C /* Debug */ = {
			isa = XCBuildConfiguration;
			buildSettings = {
				ALWAYS_EMBED_SWIFT_STANDARD_LIBRARIES = YES;
				BUNDLE_LOADER = "$(TEST_HOST)";
				CODE_SIGN_STYLE = Automatic;
				INFOPLIST_FILE = Assignment2Tests/Info.plist;
				LD_RUNPATH_SEARCH_PATHS = "$(inherited) @executable_path/Frameworks @loader_path/Frameworks";
				PRODUCT_BUNDLE_IDENTIFIER = sdsu.edu.Assignment2Tests;
				PRODUCT_NAME = "$(TARGET_NAME)";
				SWIFT_VERSION = 4.0;
				TARGETED_DEVICE_FAMILY = "1,2";
				TEST_HOST = "$(BUILT_PRODUCTS_DIR)/Assignment2.app/Assignment2";
			};
			name = Debug;
		};
		EB10F0F3214DF3710033FF6C /* Release */ = {
			isa = XCBuildConfiguration;
			buildSettings = {
				ALWAYS_EMBED_SWIFT_STANDARD_LIBRARIES = YES;
				BUNDLE_LOADER = "$(TEST_HOST)";
				CODE_SIGN_STYLE = Automatic;
				INFOPLIST_FILE = Assignment2Tests/Info.plist;
				LD_RUNPATH_SEARCH_PATHS = "$(inherited) @executable_path/Frameworks @loader_path/Frameworks";
				PRODUCT_BUNDLE_IDENTIFIER = sdsu.edu.Assignment2Tests;
				PRODUCT_NAME = "$(TARGET_NAME)";
				SWIFT_VERSION = 4.0;
				TARGETED_DEVICE_FAMILY = "1,2";
				TEST_HOST = "$(BUILT_PRODUCTS_DIR)/Assignment2.app/Assignment2";
			};
			name = Release;
		};
		EB10F0F5214DF3710033FF6C /* Debug */ = {
			isa = XCBuildConfiguration;
			buildSettings = {
				ALWAYS_EMBED_SWIFT_STANDARD_LIBRARIES = YES;
				CODE_SIGN_STYLE = Automatic;
				INFOPLIST_FILE = Assignment2UITests/Info.plist;
				LD_RUNPATH_SEARCH_PATHS = "$(inherited) @executable_path/Frameworks @loader_path/Frameworks";
				PRODUCT_BUNDLE_IDENTIFIER = sdsu.edu.Assignment2UITests;
				PRODUCT_NAME = "$(TARGET_NAME)";
				SWIFT_VERSION = 4.0;
				TARGETED_DEVICE_FAMILY = "1,2";
				TEST_TARGET_NAME = Assignment2;
			};
			name = Debug;
		};
		EB10F0F6214DF3710033FF6C /* Release */ = {
			isa = XCBuildConfiguration;
			buildSettings = {
				ALWAYS_EMBED_SWIFT_STANDARD_LIBRARIES = YES;
				CODE_SIGN_STYLE = Automatic;
				INFOPLIST_FILE = Assignment2UITests/Info.plist;
				LD_RUNPATH_SEARCH_PATHS = "$(inherited) @executable_path/Frameworks @loader_path/Frameworks";
				PRODUCT_BUNDLE_IDENTIFIER = sdsu.edu.Assignment2UITests;
				PRODUCT_NAME = "$(TARGET_NAME)";
				SWIFT_VERSION = 4.0;
				TARGETED_DEVICE_FAMILY = "1,2";
				TEST_TARGET_NAME = Assignment2;
			};
			name = Release;
		};
/* End XCBuildConfiguration section */

/* Begin XCConfigurationList section */
		EB10F0C1214DF3700033FF6C /* Build configuration list for PBXProject "Assignment2" */ = {
			isa = XCConfigurationList;
			buildConfigurations = (
				EB10F0EC214DF3710033FF6C /* Debug */,
				EB10F0ED214DF3710033FF6C /* Release */,
			);
			defaultConfigurationIsVisible = 0;
			defaultConfigurationName = Release;
		};
		EB10F0EE214DF3710033FF6C /* Build configuration list for PBXNativeTarget "Assignment2" */ = {
			isa = XCConfigurationList;
			buildConfigurations = (
				EB10F0EF214DF3710033FF6C /* Debug */,
				EB10F0F0214DF3710033FF6C /* Release */,
			);
			defaultConfigurationIsVisible = 0;
			defaultConfigurationName = Release;
		};
		EB10F0F1214DF3710033FF6C /* Build configuration list for PBXNativeTarget "Assignment2Tests" */ = {
			isa = XCConfigurationList;
			buildConfigurations = (
				EB10F0F2214DF3710033FF6C /* Debug */,
				EB10F0F3214DF3710033FF6C /* Release */,
			);
			defaultConfigurationIsVisible = 0;
			defaultConfigurationName = Release;
		};
		EB10F0F4214DF3710033FF6C /* Build configuration list for PBXNativeTarget "Assignment2UITests" */ = {
			isa = XCConfigurationList;
			buildConfigurations = (
				EB10F0F5214DF3710033FF6C /* Debug */,
				EB10F0F6214DF3710033FF6C /* Release */,
			);
			defaultConfigurationIsVisible = 0;
			defaultConfigurationName = Release;
		};
/* End XCConfigurationList section */
	};
	rootObject = EB10F0BE214DF3700033FF6C /* Project object */;
}
